# THIS IS AN AUTOGENERATED FILE. DO NOT EDIT THIS FILE DIRECTLY.
# yarn lockfile v1


"@next/env@13.4.3":
  version "13.4.3"
  resolved "https://registry.yarnpkg.com/@next/env/-/env-13.4.3.tgz#cb00bdd43a0619a79a52c9336df8a0aa84f8f4bf"

"@next/swc-darwin-arm64@13.4.3":
  version "13.4.3"
  resolved "https://registry.yarnpkg.com/@next/swc-darwin-arm64/-/swc-darwin-arm64-13.4.3.tgz#2d6c99dd5afbcce37e4ba0f64196317a1259034d"

"@next/swc-darwin-x64@13.4.3":
  version "13.4.3"
  resolved "https://registry.yarnpkg.com/@next/swc-darwin-x64/-/swc-darwin-x64-13.4.3.tgz#162b15fb8a54d9f64e69c898ebeb55b7dac9bddd"

"@next/swc-linux-arm64-gnu@13.4.3":
  version "13.4.3"
  resolved "https://registry.yarnpkg.com/@next/swc-linux-arm64-gnu/-/swc-linux-arm64-gnu-13.4.3.tgz#aee57422f11183d6a2e4a2e8aa23b9285873e18f"

"@next/swc-linux-arm64-musl@13.4.3":
  version "13.4.3"
  resolved "https://registry.yarnpkg.com/@next/swc-linux-arm64-musl/-/swc-linux-arm64-musl-13.4.3.tgz#c10b6aaaa47b341c6c9ea15f8b0ddb37e255d035"

"@next/swc-linux-x64-gnu@13.4.3":
  version "13.4.3"
  resolved "https://registry.yarnpkg.com/@next/swc-linux-x64-gnu/-/swc-linux-x64-gnu-13.4.3.tgz#3f85bc5591c6a0d4908404f7e88e3c04f4462039"

"@next/swc-linux-x64-musl@13.4.3":
  version "13.4.3"
  resolved "https://registry.yarnpkg.com/@next/swc-linux-x64-musl/-/swc-linux-x64-musl-13.4.3.tgz#f4535adc2374a86bc8e43af149b551567df065de"

"@next/swc-win32-arm64-msvc@13.4.3":
  version "13.4.3"
  resolved "https://registry.yarnpkg.com/@next/swc-win32-arm64-msvc/-/swc-win32-arm64-msvc-13.4.3.tgz#e76106d85391c308c5ed70cda2bca2c582d65536"

"@next/swc-win32-ia32-msvc@13.4.3":
  version "13.4.3"
  resolved "https://registry.yarnpkg.com/@next/swc-win32-ia32-msvc/-/swc-win32-ia32-msvc-13.4.3.tgz#8eb5d9dd71ed7a971671291605ad64ad522fb3bc"

"@next/swc-win32-x64-msvc@13.4.3":
  version "13.4.3"
  resolved "https://registry.yarnpkg.com/@next/swc-win32-x64-msvc/-/swc-win32-x64-msvc-13.4.3.tgz#c7b2b1b9e158fd7749f8209e68ee8e43a997eb4c"

"@swc/helpers@0.5.1":
  version "0.5.1"
  resolved "https://registry.yarnpkg.com/@swc/helpers/-/helpers-0.5.1.tgz#e9031491aa3f26bfcc974a67f48bd456c8a5357a"
  dependencies:
    tslib "^2.4.0"

"@types/js-cookie@^2.2.6":
  version "2.2.6"
  resolved "https://registry.npmjs.org/@types/js-cookie/-/js-cookie-2.2.6.tgz"

"@types/node@^14.14.31":
  version "14.14.31"
  resolved "https://registry.npmjs.org/@types/node/-/node-14.14.31.tgz"

"@types/prop-types@*":
  version "15.7.3"
  resolved "https://registry.npmjs.org/@types/prop-types/-/prop-types-15.7.3.tgz"

"@types/react-dom@^17.0.1":
  version "17.0.1"
  resolved "https://registry.npmjs.org/@types/react-dom/-/react-dom-17.0.1.tgz"
  dependencies:
    "@types/react" "*"

"@types/react@*", "@types/react@^17.0.2":
  version "17.0.2"
  resolved "https://registry.npmjs.org/@types/react/-/react-17.0.2.tgz"
  dependencies:
    "@types/prop-types" "*"
    csstype "^3.0.2"

busboy@1.6.0:
  version "1.6.0"
  resolved "https://registry.yarnpkg.com/busboy/-/busboy-1.6.0.tgz#966ea36a9502e43cdb9146962523b92f531f6893"
  dependencies:
    streamsearch "^1.1.0"

caniuse-lite@^1.0.30001406:
  version "1.0.30001489"
  resolved "https://registry.yarnpkg.com/caniuse-lite/-/caniuse-lite-1.0.30001489.tgz#ca82ee2d4e4dbf2bd2589c9360d3fcc2c7ba3bd8"

client-only@0.0.1:
  version "0.0.1"
  resolved "https://registry.yarnpkg.com/client-only/-/client-only-0.0.1.tgz#38bba5d403c41ab150bff64a95c85013cf73bca1"

csstype@^3.0.2:
  version "3.0.6"
  resolved "https://registry.npmjs.org/csstype/-/csstype-3.0.6.tgz"

js-cookie@^2.2.1:
  version "2.2.1"
  resolved "https://registry.npmjs.org/js-cookie/-/js-cookie-2.2.1.tgz"

"js-tokens@^3.0.0 || ^4.0.0":
  version "4.0.0"
  resolved "https://registry.npmjs.org/js-tokens/-/js-tokens-4.0.0.tgz"

loose-envify@^1.1.0:
  version "1.4.0"
  resolved "https://registry.npmjs.org/loose-envify/-/loose-envify-1.4.0.tgz"
  dependencies:
    js-tokens "^3.0.0 || ^4.0.0"

nanoid@^3.3.4:
  version "3.3.6"
  resolved "https://registry.yarnpkg.com/nanoid/-/nanoid-3.3.6.tgz#443380c856d6e9f9824267d960b4236ad583ea4c"

next@13.4.3:
  version "13.4.3"
  resolved "https://registry.yarnpkg.com/next/-/next-13.4.3.tgz#7f417dec9fa2731d8c1d1819a1c7d0919ad6fc75"
  dependencies:
    "@next/env" "13.4.3"
    "@swc/helpers" "0.5.1"
    busboy "1.6.0"
    caniuse-lite "^1.0.30001406"
    postcss "8.4.14"
    styled-jsx "5.1.1"
    zod "3.21.4"
  optionalDependencies:
    "@next/swc-darwin-arm64" "13.4.3"
    "@next/swc-darwin-x64" "13.4.3"
    "@next/swc-linux-arm64-gnu" "13.4.3"
    "@next/swc-linux-arm64-musl" "13.4.3"
    "@next/swc-linux-x64-gnu" "13.4.3"
    "@next/swc-linux-x64-musl" "13.4.3"
    "@next/swc-win32-arm64-msvc" "13.4.3"
    "@next/swc-win32-ia32-msvc" "13.4.3"
    "@next/swc-win32-x64-msvc" "13.4.3"

object-assign@^4.1.1:
  version "4.1.1"
  resolved "https://registry.npmjs.org/object-assign/-/object-assign-4.1.1.tgz"

picocolors@^1.0.0:
  version "1.0.0"
  resolved "https://registry.yarnpkg.com/picocolors/-/picocolors-1.0.0.tgz#cb5bdc74ff3f51892236eaf79d68bc44564ab81c"

postcss@8.4.14:
  version "8.4.14"
  resolved "https://registry.yarnpkg.com/postcss/-/postcss-8.4.14.tgz#ee9274d5622b4858c1007a74d76e42e56fd21caf"
  dependencies:
    nanoid "^3.3.4"
    picocolors "^1.0.0"
    source-map-js "^1.0.2"

react-dom@17.0.1:
  version "17.0.1"
  resolved "https://registry.npmjs.org/react-dom/-/react-dom-17.0.1.tgz"
  dependencies:
    loose-envify "^1.1.0"
    object-assign "^4.1.1"
    scheduler "^0.20.1"

react@17.0.1:
  version "17.0.1"
  resolved "https://registry.npmjs.org/react/-/react-17.0.1.tgz"
  dependencies:
    loose-envify "^1.1.0"
    object-assign "^4.1.1"

scheduler@^0.20.1:
  version "0.20.1"
  resolved "https://registry.npmjs.org/scheduler/-/scheduler-0.20.1.tgz"
  dependencies:
    loose-envify "^1.1.0"
    object-assign "^4.1.1"

source-map-js@^1.0.2:
  version "1.0.2"
  resolved "https://registry.yarnpkg.com/source-map-js/-/source-map-js-1.0.2.tgz#adbc361d9c62df380125e7f161f71c826f1e490c"

streamsearch@^1.1.0:
  version "1.1.0"
  resolved "https://registry.yarnpkg.com/streamsearch/-/streamsearch-1.1.0.tgz#404dd1e2247ca94af554e841a8ef0eaa238da764"

styled-jsx@5.1.1:
  version "5.1.1"
  resolved "https://registry.yarnpkg.com/styled-jsx/-/styled-jsx-5.1.1.tgz#839a1c3aaacc4e735fed0781b8619ea5d0009d1f"
  dependencies:
    client-only "0.0.1"

tslib@^2.4.0:
  version "2.5.2"
  resolved "https://registry.yarnpkg.com/tslib/-/tslib-2.5.2.tgz#1b6f07185c881557b0ffa84b111a0106989e8338"

typescript@^4.2.2:
  version "4.2.2"
  resolved "https://registry.npmjs.org/typescript/-/typescript-4.2.2.tgz"

zod@3.21.4:
  version "3.21.4"
  resolved "https://registry.yarnpkg.com/zod/-/zod-3.21.4.tgz#10882231d992519f0a10b5dd58a38c9dabbb64db"
